
Microsoft Visual Studio Solution File, Format Version 12.00
# Visual Studio Version 16
VisualStudioVersion = 16.0.31702.278
MinimumVisualStudioVersion = 10.0.40219.1
Project("{FAE04EC0-301F-11D3-BF4B-00C04F79EFBC}") = "Tombola", "Tombola.csproj", "{0093BD06-3CC9-4F65-816A-8BA2F0EDD4BB}"
EndProject
Global
	GlobalSection(SolutionConfigurationPlatforms) = preSolution
		Debug|Any CPU = Debug|Any CPU
		Release|Any CPU = Release|Any CPU
	EndGlobalSection
	GlobalSection(ProjectConfigurationPlatforms) = postSolution
		{0093BD06-3CC9-4F65-816A-8BA2F0EDD4BB}.Debug|Any CPU.ActiveCfg = Debug|Any CPU
		{0093BD06-3CC9-4F65-816A-8BA2F0EDD4BB}.Debug|Any CPU.Build.0 = Debug|Any CPU
		{0093BD06-3CC9-4F65-816A-8BA2F0EDD4BB}.Release|Any CPU.ActiveCfg = Release|Any CPU
		{0093BD06-3CC9-4F65-816A-8BA2F0EDD4BB}.Release|Any CPU.Build.0 = Release|Any CPU
	EndGlobalSection
	GlobalSection(SolutionProperties) = preSolution
		HideSolutionNode = FALSE
	EndGlobalSection
	GlobalSection(ExtensibilityGlobals) = postSolution
		SolutionGuid = {8B2772F4-9339-42CF-9ADC-FEB2F067FE74}
	EndGlobalSection
EndGlobal
